
Microsoft Visual Studio Solution File, Format Version 11.00
# Visual Studio 2010
Project("{FAE04EC0-301F-11D3-BF4B-00C04F79EFBC}") = "DkBase", "DkBase\DkBase.csproj", "{67DF9CAE-7EF4-4BD1-B7D4-156A21800F0E}"
EndProject
Global
	GlobalSection(SolutionConfigurationPlatforms) = preSolution
		Debug|Any CPU = Debug|Any CPU
		Release|Any CPU = Release|Any CPU
	EndGlobalSection
	GlobalSection(ProjectConfigurationPlatforms) = postSolution
		{67DF9CAE-7EF4-4BD1-B7D4-156A21800F0E}.Debug|Any CPU.ActiveCfg = Debug|Any CPU
		{67DF9CAE-7EF4-4BD1-B7D4-156A21800F0E}.Debug|Any CPU.Build.0 = Debug|Any CPU
		{67DF9CAE-7EF4-4BD1-B7D4-156A21800F0E}.Release|Any CPU.ActiveCfg = Release|Any CPU
		{67DF9CAE-7EF4-4BD1-B7D4-156A21800F0E}.Release|Any CPU.Build.0 = Release|Any CPU
	EndGlobalSection
	GlobalSection(MonoDevelopProperties) = preSolution
		StartupItem = DkBase\DkBase.csproj
	EndGlobalSection
EndGlobal
